
Microsoft Visual Studio Solution File, Format Version 12.00
# Visual Studio Version 17
VisualStudioVersion = 17.3.32825.248
MinimumVisualStudioVersion = 10.0.40219.1
Project("{9A19103F-16F7-4668-BE54-9A1E7A4F7556}") = "CSVLibrary", "CSVLibrary\CSVLibrary.csproj", "{B71AA023-2893-4EAA-93A9-D0FAF21E678F}"
EndProject
Project("{9A19103F-16F7-4668-BE54-9A1E7A4F7556}") = "CSVWinForm", "CSVWinForm\CSVWinForm.csproj", "{412C046A-B6B2-4EF1-B5CF-FF9044BCA8EF}"
EndProject
Global
	GlobalSection(SolutionConfigurationPlatforms) = preSolution
		Debug|Any CPU = Debug|Any CPU
		Release|Any CPU = Release|Any CPU
	EndGlobalSection
	GlobalSection(ProjectConfigurationPlatforms) = postSolution
		{B71AA023-2893-4EAA-93A9-D0FAF21E678F}.Debug|Any CPU.ActiveCfg = Debug|Any CPU
		{B71AA023-2893-4EAA-93A9-D0FAF21E678F}.Debug|Any CPU.Build.0 = Debug|Any CPU
		{B71AA023-2893-4EAA-93A9-D0FAF21E678F}.Release|Any CPU.ActiveCfg = Release|Any CPU
		{B71AA023-2893-4EAA-93A9-D0FAF21E678F}.Release|Any CPU.Build.0 = Release|Any CPU
		{412C046A-B6B2-4EF1-B5CF-FF9044BCA8EF}.Debug|Any CPU.ActiveCfg = Debug|Any CPU
		{412C046A-B6B2-4EF1-B5CF-FF9044BCA8EF}.Debug|Any CPU.Build.0 = Debug|Any CPU
		{412C046A-B6B2-4EF1-B5CF-FF9044BCA8EF}.Release|Any CPU.ActiveCfg = Release|Any CPU
		{412C046A-B6B2-4EF1-B5CF-FF9044BCA8EF}.Release|Any CPU.Build.0 = Release|Any CPU
	EndGlobalSection
	GlobalSection(SolutionProperties) = preSolution
		HideSolutionNode = FALSE
	EndGlobalSection
	GlobalSection(ExtensibilityGlobals) = postSolution
		SolutionGuid = {3F40DBD4-686C-4954-BB1E-856D6BC97AE0}
	EndGlobalSection
EndGlobal
